Microsoft Visual Studio Solution File, Format Version 11.00
# Visual Studio 2008

Project("{855D5B2E-A113-BDEB-B1DA-C24B70DC5415}") = "MAGD-272_Text-Game", "Assembly-CSharp.csproj", "{BDE65B03-A2B0-945A-8BBC-5AD3FDD50878}"
EndProject
Global
	GlobalSection(SolutionConfigurationPlatforms) = preSolution
		Debug|Any CPU = Debug|Any CPU
		Release|Any CPU = Release|Any CPU
	EndGlobalSection
	GlobalSection(ProjectConfigurationPlatforms) = postSolution
		{BDE65B03-A2B0-945A-8BBC-5AD3FDD50878}.Debug|Any CPU.ActiveCfg = Debug|Any CPU
		{BDE65B03-A2B0-945A-8BBC-5AD3FDD50878}.Debug|Any CPU.Build.0 = Debug|Any CPU
		{BDE65B03-A2B0-945A-8BBC-5AD3FDD50878}.Release|Any CPU.ActiveCfg = Release|Any CPU
		{BDE65B03-A2B0-945A-8BBC-5AD3FDD50878}.Release|Any CPU.Build.0 = Release|Any CPU
	EndGlobalSection
	GlobalSection(SolutionProperties) = preSolution
		HideSolutionNode = FALSE
	EndGlobalSection
	GlobalSection(MonoDevelopProperties) = preSolution
		StartupItem = Assembly-CSharp.csproj
	EndGlobalSection
EndGlobal
